# This file is autogenerated, do not edit; changes may be undone by the next 'dep ensure'.


[[projects]]
  name = "gopkg.in/mgo.v2"
  packages = [".","bson","internal/scram","sasl"]
  revision = "c6a7dce14133ccac2dcac3793f1d6e2ef048503a"

[solve-meta]
  analyzer-name = "dep"
  analyzer-version = 1
  inputs-digest = "5bc236996eb0c3dd772accbe0b5122e79b1ed74e50984babc0664a2ad68ad18f"
  solver-name = "gps-cdcl"
  solver-version = 1
